{
  "name": "cloudferry",
  "version": "1.0.0",
  "lockfileVersion": 3,
  "requires": true,
  "packages": {
    "": {
      "name": "cloudferry",
      "version": "1.0.0",
      "license": "MIT",
      "bin": {
        "cf": "bin/cloudferry.js",
        "cloudferry": "bin/cloudferry.js"
      },
      "engines": {
        "node": ">=18.17"
      }
    }
  }
}
